
Microsoft Visual Studio Solution File, Format Version 12.00
# Visual Studio Version 17
VisualStudioVersion = 17.2.32616.157
MinimumVisualStudioVersion = 10.0.40219.1
Project("{FAE04EC0-301F-11D3-BF4B-00C04F79EFBC}") = "SortPersonsByNameAndAge", "SortPersonsByNameAndAge\SortPersonsByNameAndAge.csproj", "{E647951B-F34F-4ACE-B911-8B4F93631122}"
EndProject
Project("{FAE04EC0-301F-11D3-BF4B-00C04F79EFBC}") = "SalaryIncrease", "SalaryIncrease\SalaryIncrease.csproj", "{DDE06A91-EB94-4904-A90B-138AF4680DFA}"
EndProject
Project("{FAE04EC0-301F-11D3-BF4B-00C04F79EFBC}") = "ValidationOfData", "ValidationOfData\ValidationOfData.csproj", "{43D10FFD-1108-4F34-94F3-A20853E2CE80}"
EndProject
Project("{FAE04EC0-301F-11D3-BF4B-00C04F79EFBC}") = "FirstAndReserveTeam", "FirstAndReserveTeam\FirstAndReserveTeam.csproj", "{5EE8AB19-B77B-4DEF-89D6-45D875DE0691}"
EndProject
Global
	GlobalSection(SolutionConfigurationPlatforms) = preSolution
		Debug|Any CPU = Debug|Any CPU
		Release|Any CPU = Release|Any CPU
	EndGlobalSection
	GlobalSection(ProjectConfigurationPlatforms) = postSolution
		{E647951B-F34F-4ACE-B911-8B4F93631122}.Debug|Any CPU.ActiveCfg = Debug|Any CPU
		{E647951B-F34F-4ACE-B911-8B4F93631122}.Debug|Any CPU.Build.0 = Debug|Any CPU
		{E647951B-F34F-4ACE-B911-8B4F93631122}.Release|Any CPU.ActiveCfg = Release|Any CPU
		{E647951B-F34F-4ACE-B911-8B4F93631122}.Release|Any CPU.Build.0 = Release|Any CPU
		{DDE06A91-EB94-4904-A90B-138AF4680DFA}.Debug|Any CPU.ActiveCfg = Debug|Any CPU
		{DDE06A91-EB94-4904-A90B-138AF4680DFA}.Debug|Any CPU.Build.0 = Debug|Any CPU
		{DDE06A91-EB94-4904-A90B-138AF4680DFA}.Release|Any CPU.ActiveCfg = Release|Any CPU
		{DDE06A91-EB94-4904-A90B-138AF4680DFA}.Release|Any CPU.Build.0 = Release|Any CPU
		{43D10FFD-1108-4F34-94F3-A20853E2CE80}.Debug|Any CPU.ActiveCfg = Debug|Any CPU
		{43D10FFD-1108-4F34-94F3-A20853E2CE80}.Debug|Any CPU.Build.0 = Debug|Any CPU
		{43D10FFD-1108-4F34-94F3-A20853E2CE80}.Release|Any CPU.ActiveCfg = Release|Any CPU
		{43D10FFD-1108-4F34-94F3-A20853E2CE80}.Release|Any CPU.Build.0 = Release|Any CPU
		{5EE8AB19-B77B-4DEF-89D6-45D875DE0691}.Debug|Any CPU.ActiveCfg = Debug|Any CPU
		{5EE8AB19-B77B-4DEF-89D6-45D875DE0691}.Debug|Any CPU.Build.0 = Debug|Any CPU
		{5EE8AB19-B77B-4DEF-89D6-45D875DE0691}.Release|Any CPU.ActiveCfg = Release|Any CPU
		{5EE8AB19-B77B-4DEF-89D6-45D875DE0691}.Release|Any CPU.Build.0 = Release|Any CPU
	EndGlobalSection
	GlobalSection(SolutionProperties) = preSolution
		HideSolutionNode = FALSE
	EndGlobalSection
	GlobalSection(ExtensibilityGlobals) = postSolution
		SolutionGuid = {78BF8E75-C405-419D-B271-2390C15D5D5D}
	EndGlobalSection
EndGlobal
