
Microsoft Visual Studio Solution File, Format Version 12.00
# Visual Studio Version 17
VisualStudioVersion = 17.2.32616.157
MinimumVisualStudioVersion = 10.0.40219.1
Project("{FAE04EC0-301F-11D3-BF4B-00C04F79EFBC}") = "Person", "Person\Person.csproj", "{9E887B02-D616-4E7D-B4F1-6F3D76006E6F}"
EndProject
Global
	GlobalSection(SolutionConfigurationPlatforms) = preSolution
		Debug|Any CPU = Debug|Any CPU
		Release|Any CPU = Release|Any CPU
	EndGlobalSection
	GlobalSection(ProjectConfigurationPlatforms) = postSolution
		{9E887B02-D616-4E7D-B4F1-6F3D76006E6F}.Debug|Any CPU.ActiveCfg = Debug|Any CPU
		{9E887B02-D616-4E7D-B4F1-6F3D76006E6F}.Debug|Any CPU.Build.0 = Debug|Any CPU
		{9E887B02-D616-4E7D-B4F1-6F3D76006E6F}.Release|Any CPU.ActiveCfg = Release|Any CPU
		{9E887B02-D616-4E7D-B4F1-6F3D76006E6F}.Release|Any CPU.Build.0 = Release|Any CPU
	EndGlobalSection
	GlobalSection(SolutionProperties) = preSolution
		HideSolutionNode = FALSE
	EndGlobalSection
	GlobalSection(ExtensibilityGlobals) = postSolution
		SolutionGuid = {09525FE6-BED8-4676-BD84-F826269FF3B4}
	EndGlobalSection
EndGlobal
