
Microsoft Visual Studio Solution File, Format Version 12.00
# Visual Studio Version 17
VisualStudioVersion = 17.2.32616.157
MinimumVisualStudioVersion = 10.0.40219.1
Project("{FAE04EC0-301F-11D3-BF4B-00C04F79EFBC}") = "Person", "Person\Person.csproj", "{9E887B02-D616-4E7D-B4F1-6F3D76006E6F}"
EndProject
Project("{FAE04EC0-301F-11D3-BF4B-00C04F79EFBC}") = "Zoo", "Zoo\Zoo.csproj", "{401BE0A8-3983-4599-9EAC-0FDE4DA238D7}"
EndProject
Project("{FAE04EC0-301F-11D3-BF4B-00C04F79EFBC}") = "PlayersAndMonsters", "PlayersAndMonsters\PlayersAndMonsters.csproj", "{D551716F-7B08-4334-A7BC-F56D07CCB796}"
EndProject
Project("{FAE04EC0-301F-11D3-BF4B-00C04F79EFBC}") = "NeedForSpeed", "NeedForSpeed\NeedForSpeed.csproj", "{5A6570CE-3243-4349-9FBD-70DD7CEA4B29}"
EndProject
Project("{FAE04EC0-301F-11D3-BF4B-00C04F79EFBC}") = "Restaurant", "Restaurant\Restaurant.csproj", "{E963BFFD-7CEF-43F6-AFEE-3416F04149E3}"
EndProject
Global
	GlobalSection(SolutionConfigurationPlatforms) = preSolution
		Debug|Any CPU = Debug|Any CPU
		Release|Any CPU = Release|Any CPU
	EndGlobalSection
	GlobalSection(ProjectConfigurationPlatforms) = postSolution
		{9E887B02-D616-4E7D-B4F1-6F3D76006E6F}.Debug|Any CPU.ActiveCfg = Debug|Any CPU
		{9E887B02-D616-4E7D-B4F1-6F3D76006E6F}.Debug|Any CPU.Build.0 = Debug|Any CPU
		{9E887B02-D616-4E7D-B4F1-6F3D76006E6F}.Release|Any CPU.ActiveCfg = Release|Any CPU
		{9E887B02-D616-4E7D-B4F1-6F3D76006E6F}.Release|Any CPU.Build.0 = Release|Any CPU
		{401BE0A8-3983-4599-9EAC-0FDE4DA238D7}.Debug|Any CPU.ActiveCfg = Debug|Any CPU
		{401BE0A8-3983-4599-9EAC-0FDE4DA238D7}.Debug|Any CPU.Build.0 = Debug|Any CPU
		{401BE0A8-3983-4599-9EAC-0FDE4DA238D7}.Release|Any CPU.ActiveCfg = Release|Any CPU
		{401BE0A8-3983-4599-9EAC-0FDE4DA238D7}.Release|Any CPU.Build.0 = Release|Any CPU
		{D551716F-7B08-4334-A7BC-F56D07CCB796}.Debug|Any CPU.ActiveCfg = Debug|Any CPU
		{D551716F-7B08-4334-A7BC-F56D07CCB796}.Debug|Any CPU.Build.0 = Debug|Any CPU
		{D551716F-7B08-4334-A7BC-F56D07CCB796}.Release|Any CPU.ActiveCfg = Release|Any CPU
		{D551716F-7B08-4334-A7BC-F56D07CCB796}.Release|Any CPU.Build.0 = Release|Any CPU
		{5A6570CE-3243-4349-9FBD-70DD7CEA4B29}.Debug|Any CPU.ActiveCfg = Debug|Any CPU
		{5A6570CE-3243-4349-9FBD-70DD7CEA4B29}.Debug|Any CPU.Build.0 = Debug|Any CPU
		{5A6570CE-3243-4349-9FBD-70DD7CEA4B29}.Release|Any CPU.ActiveCfg = Release|Any CPU
		{5A6570CE-3243-4349-9FBD-70DD7CEA4B29}.Release|Any CPU.Build.0 = Release|Any CPU
		{E963BFFD-7CEF-43F6-AFEE-3416F04149E3}.Debug|Any CPU.ActiveCfg = Debug|Any CPU
		{E963BFFD-7CEF-43F6-AFEE-3416F04149E3}.Debug|Any CPU.Build.0 = Debug|Any CPU
		{E963BFFD-7CEF-43F6-AFEE-3416F04149E3}.Release|Any CPU.ActiveCfg = Release|Any CPU
		{E963BFFD-7CEF-43F6-AFEE-3416F04149E3}.Release|Any CPU.Build.0 = Release|Any CPU
	EndGlobalSection
	GlobalSection(SolutionProperties) = preSolution
		HideSolutionNode = FALSE
	EndGlobalSection
	GlobalSection(ExtensibilityGlobals) = postSolution
		SolutionGuid = {09525FE6-BED8-4676-BD84-F826269FF3B4}
	EndGlobalSection
EndGlobal
