
Microsoft Visual Studio Solution File, Format Version 12.00
# Visual Studio Version 17
VisualStudioVersion = 17.2.32616.157
MinimumVisualStudioVersion = 10.0.40219.1
Project("{FAE04EC0-301F-11D3-BF4B-00C04F79EFBC}") = "SingleInheritance", "SingleInheritance\SingleInheritance.csproj", "{B0BFCFC0-A101-4E23-8F56-F7F815D392BB}"
EndProject
Project("{FAE04EC0-301F-11D3-BF4B-00C04F79EFBC}") = "MultipleInheritance", "MultipleInheritance\MultipleInheritance.csproj", "{16DB94F4-00C9-4976-B08F-3B2B3F49FB39}"
EndProject
Project("{FAE04EC0-301F-11D3-BF4B-00C04F79EFBC}") = "HierarchialInheritance", "HierarchialInheritance\HierarchialInheritance.csproj", "{11FD313C-C21A-4537-BD98-6816FFA37254}"
EndProject
Project("{FAE04EC0-301F-11D3-BF4B-00C04F79EFBC}") = "RandomList", "RandomList\RandomList.csproj", "{A234A916-0E4B-4405-A803-493B978165E9}"
EndProject
Project("{FAE04EC0-301F-11D3-BF4B-00C04F79EFBC}") = "StackOfStrings", "StackOfStrings\StackOfStrings.csproj", "{03B9277E-2D0B-4BAA-8FCB-EE855A2012F3}"
EndProject
Global
	GlobalSection(SolutionConfigurationPlatforms) = preSolution
		Debug|Any CPU = Debug|Any CPU
		Release|Any CPU = Release|Any CPU
	EndGlobalSection
	GlobalSection(ProjectConfigurationPlatforms) = postSolution
		{B0BFCFC0-A101-4E23-8F56-F7F815D392BB}.Debug|Any CPU.ActiveCfg = Debug|Any CPU
		{B0BFCFC0-A101-4E23-8F56-F7F815D392BB}.Debug|Any CPU.Build.0 = Debug|Any CPU
		{B0BFCFC0-A101-4E23-8F56-F7F815D392BB}.Release|Any CPU.ActiveCfg = Release|Any CPU
		{B0BFCFC0-A101-4E23-8F56-F7F815D392BB}.Release|Any CPU.Build.0 = Release|Any CPU
		{16DB94F4-00C9-4976-B08F-3B2B3F49FB39}.Debug|Any CPU.ActiveCfg = Debug|Any CPU
		{16DB94F4-00C9-4976-B08F-3B2B3F49FB39}.Debug|Any CPU.Build.0 = Debug|Any CPU
		{16DB94F4-00C9-4976-B08F-3B2B3F49FB39}.Release|Any CPU.ActiveCfg = Release|Any CPU
		{16DB94F4-00C9-4976-B08F-3B2B3F49FB39}.Release|Any CPU.Build.0 = Release|Any CPU
		{11FD313C-C21A-4537-BD98-6816FFA37254}.Debug|Any CPU.ActiveCfg = Debug|Any CPU
		{11FD313C-C21A-4537-BD98-6816FFA37254}.Debug|Any CPU.Build.0 = Debug|Any CPU
		{11FD313C-C21A-4537-BD98-6816FFA37254}.Release|Any CPU.ActiveCfg = Release|Any CPU
		{11FD313C-C21A-4537-BD98-6816FFA37254}.Release|Any CPU.Build.0 = Release|Any CPU
		{A234A916-0E4B-4405-A803-493B978165E9}.Debug|Any CPU.ActiveCfg = Debug|Any CPU
		{A234A916-0E4B-4405-A803-493B978165E9}.Debug|Any CPU.Build.0 = Debug|Any CPU
		{A234A916-0E4B-4405-A803-493B978165E9}.Release|Any CPU.ActiveCfg = Release|Any CPU
		{A234A916-0E4B-4405-A803-493B978165E9}.Release|Any CPU.Build.0 = Release|Any CPU
		{03B9277E-2D0B-4BAA-8FCB-EE855A2012F3}.Debug|Any CPU.ActiveCfg = Debug|Any CPU
		{03B9277E-2D0B-4BAA-8FCB-EE855A2012F3}.Debug|Any CPU.Build.0 = Debug|Any CPU
		{03B9277E-2D0B-4BAA-8FCB-EE855A2012F3}.Release|Any CPU.ActiveCfg = Release|Any CPU
		{03B9277E-2D0B-4BAA-8FCB-EE855A2012F3}.Release|Any CPU.Build.0 = Release|Any CPU
	EndGlobalSection
	GlobalSection(SolutionProperties) = preSolution
		HideSolutionNode = FALSE
	EndGlobalSection
	GlobalSection(ExtensibilityGlobals) = postSolution
		SolutionGuid = {636D3B9A-0104-46D9-9583-83A68A8B0F2E}
	EndGlobalSection
EndGlobal
