
Microsoft Visual Studio Solution File, Format Version 12.00
# Visual Studio Version 17
VisualStudioVersion = 17.2.32616.157
MinimumVisualStudioVersion = 10.0.40219.1
Project("{FAE04EC0-301F-11D3-BF4B-00C04F79EFBC}") = "ClassBoxData", "ClassBoxData\ClassBoxData.csproj", "{7BA6A8A0-D673-4F1F-9445-E19A2EC25217}"
EndProject
Global
	GlobalSection(SolutionConfigurationPlatforms) = preSolution
		Debug|Any CPU = Debug|Any CPU
		Release|Any CPU = Release|Any CPU
	EndGlobalSection
	GlobalSection(ProjectConfigurationPlatforms) = postSolution
		{7BA6A8A0-D673-4F1F-9445-E19A2EC25217}.Debug|Any CPU.ActiveCfg = Debug|Any CPU
		{7BA6A8A0-D673-4F1F-9445-E19A2EC25217}.Debug|Any CPU.Build.0 = Debug|Any CPU
		{7BA6A8A0-D673-4F1F-9445-E19A2EC25217}.Release|Any CPU.ActiveCfg = Release|Any CPU
		{7BA6A8A0-D673-4F1F-9445-E19A2EC25217}.Release|Any CPU.Build.0 = Release|Any CPU
	EndGlobalSection
	GlobalSection(SolutionProperties) = preSolution
		HideSolutionNode = FALSE
	EndGlobalSection
	GlobalSection(ExtensibilityGlobals) = postSolution
		SolutionGuid = {1923BF1D-698B-4588-852B-7E0EEDBCBCC3}
	EndGlobalSection
EndGlobal
