
Microsoft Visual Studio Solution File, Format Version 12.00
# Visual Studio Version 17
VisualStudioVersion = 17.2.32616.157
MinimumVisualStudioVersion = 10.0.40219.1
Project("{FAE04EC0-301F-11D3-BF4B-00C04F79EFBC}") = "Shapes", "Shapes\Shapes.csproj", "{141254E9-C9FD-4428-90E1-F65852F11F72}"
EndProject
Project("{FAE04EC0-301F-11D3-BF4B-00C04F79EFBC}") = "Cars", "Cars\Cars.csproj", "{0949E21F-C437-4F90-B668-FCE0FF5605C0}"
EndProject
Global
	GlobalSection(SolutionConfigurationPlatforms) = preSolution
		Debug|Any CPU = Debug|Any CPU
		Release|Any CPU = Release|Any CPU
	EndGlobalSection
	GlobalSection(ProjectConfigurationPlatforms) = postSolution
		{141254E9-C9FD-4428-90E1-F65852F11F72}.Debug|Any CPU.ActiveCfg = Debug|Any CPU
		{141254E9-C9FD-4428-90E1-F65852F11F72}.Debug|Any CPU.Build.0 = Debug|Any CPU
		{141254E9-C9FD-4428-90E1-F65852F11F72}.Release|Any CPU.ActiveCfg = Release|Any CPU
		{141254E9-C9FD-4428-90E1-F65852F11F72}.Release|Any CPU.Build.0 = Release|Any CPU
		{0949E21F-C437-4F90-B668-FCE0FF5605C0}.Debug|Any CPU.ActiveCfg = Debug|Any CPU
		{0949E21F-C437-4F90-B668-FCE0FF5605C0}.Debug|Any CPU.Build.0 = Debug|Any CPU
		{0949E21F-C437-4F90-B668-FCE0FF5605C0}.Release|Any CPU.ActiveCfg = Release|Any CPU
		{0949E21F-C437-4F90-B668-FCE0FF5605C0}.Release|Any CPU.Build.0 = Release|Any CPU
	EndGlobalSection
	GlobalSection(SolutionProperties) = preSolution
		HideSolutionNode = FALSE
	EndGlobalSection
	GlobalSection(ExtensibilityGlobals) = postSolution
		SolutionGuid = {21D505AE-4E3A-4450-B948-F0619BC5AE2C}
	EndGlobalSection
EndGlobal
