
Microsoft Visual Studio Solution File, Format Version 12.00
# Visual Studio Version 17
VisualStudioVersion = 17.2.32616.157
MinimumVisualStudioVersion = 10.0.40219.1
Project("{FAE04EC0-301F-11D3-BF4B-00C04F79EFBC}") = "Heroes", "Heroes\Heroes.csproj", "{5DA77330-E231-4F2D-96FE-5F5786A3BAA1}"
EndProject
Global
	GlobalSection(SolutionConfigurationPlatforms) = preSolution
		Debug|Any CPU = Debug|Any CPU
		Release|Any CPU = Release|Any CPU
	EndGlobalSection
	GlobalSection(ProjectConfigurationPlatforms) = postSolution
		{5DA77330-E231-4F2D-96FE-5F5786A3BAA1}.Debug|Any CPU.ActiveCfg = Debug|Any CPU
		{5DA77330-E231-4F2D-96FE-5F5786A3BAA1}.Debug|Any CPU.Build.0 = Debug|Any CPU
		{5DA77330-E231-4F2D-96FE-5F5786A3BAA1}.Release|Any CPU.ActiveCfg = Release|Any CPU
		{5DA77330-E231-4F2D-96FE-5F5786A3BAA1}.Release|Any CPU.Build.0 = Release|Any CPU
	EndGlobalSection
	GlobalSection(SolutionProperties) = preSolution
		HideSolutionNode = FALSE
	EndGlobalSection
	GlobalSection(ExtensibilityGlobals) = postSolution
		SolutionGuid = {3DC7622C-3430-46BB-9FAF-FA334ABB00B3}
	EndGlobalSection
EndGlobal
